
Microsoft Visual Studio Solution File, Format Version 12.00
# Visual Studio Version 17
VisualStudioVersion = 17.9.34902.65
MinimumVisualStudioVersion = 10.0.40219.1
Project("{2150E333-8FDC-42A3-9474-1A3956D46DE8}") = "Presentation", "Presentation", "{224DA173-E6CD-4EFB-93E0-EBF545544907}"
EndProject
Project("{2150E333-8FDC-42A3-9474-1A3956D46DE8}") = "Core", "Core", "{AEB5DE63-6C0F-4BD1-A716-23474F6E5514}"
EndProject
Project("{2150E333-8FDC-42A3-9474-1A3956D46DE8}") = "Persistence", "Persistence", "{7D7C49B5-0ABE-4DCB-898D-356C3007F074}"
EndProject
Project("{9A19103F-16F7-4668-BE54-9A1E7A4F7556}") = "Domain", "Core\Domain\Domain.csproj", "{02C4240C-7091-4E20-9322-72658A531A9C}"
EndProject
Project("{9A19103F-16F7-4668-BE54-9A1E7A4F7556}") = "Application", "Core\Application\Application.csproj", "{56ABCC66-FD27-4F10-890A-68656A9EAF3B}"
EndProject
Project("{2150E333-8FDC-42A3-9474-1A3956D46DE8}") = "Tests", "Tests", "{9DA339A1-83E7-4D52-9801-12AA620DE7A7}"
EndProject
Project("{9A19103F-16F7-4668-BE54-9A1E7A4F7556}") = "Domain.UnitTests", "..\tests\Domain.UnitTests\Domain.UnitTests.csproj", "{73E9E2B9-3410-4E56-8D16-D63C9502AF52}"
EndProject
Project("{9A19103F-16F7-4668-BE54-9A1E7A4F7556}") = "Resources", "Resources\Resources.csproj", "{5CC1A199-0622-405E-B766-47F8016398A6}"
EndProject
Project("{9A19103F-16F7-4668-BE54-9A1E7A4F7556}") = "Server", "Presentation\Server\Server.csproj", "{A110D57E-7A39-48BB-BEEA-671407CD0008}"
EndProject
Project("{9A19103F-16F7-4668-BE54-9A1E7A4F7556}") = "Constants", "Core\Constants\Constants.csproj", "{12B3F6F1-B398-44F5-A022-B3C5D6C23B49}"
EndProject
Project("{2150E333-8FDC-42A3-9474-1A3956D46DE8}") = "Framework", "Framework", "{13F33FF1-A8F0-4E2B-A374-224FBEB16F7F}"
EndProject
Project("{9A19103F-16F7-4668-BE54-9A1E7A4F7556}") = "Framework.DataType", "Framework\Framework.DataType\Framework.DataType.csproj", "{142650EC-F2F4-4160-A478-8BA9FADB37BF}"
EndProject
Project("{9A19103F-16F7-4668-BE54-9A1E7A4F7556}") = "Persistence", "Persistence\Persistence\Persistence.csproj", "{32AD16B4-01EF-480A-895D-CBDD9CE7D88E}"
EndProject
Project("{9A19103F-16F7-4668-BE54-9A1E7A4F7556}") = "Framework.DataType.UnitTests", "..\tests\Framework.DataType.UnitTests\Framework.DataType.UnitTests.csproj", "{1B5DF63A-9670-42CE-9200-38B87BBCC875}"
EndProject
Project("{2150E333-8FDC-42A3-9474-1A3956D46DE8}") = "Modules", "Modules", "{02EA681E-C7D8-13C7-8484-4AC65E1B71E8}"
EndProject
Project("{2150E333-8FDC-42A3-9474-1A3956D46DE8}") = "Treasury", "Treasury", "{2C05763A-B879-4329-9198-8A0590F4B5CE}"
EndProject
Project("{FAE04EC0-301F-11D3-BF4B-00C04F79EFBC}") = "Modules.Treasury.Domain", "Modules\Treasury\Modules.Treasury.Domain\Modules.Treasury.Domain.csproj", "{06706563-711C-4A51-8D7F-CEDB42160081}"
EndProject
Project("{2150E333-8FDC-42A3-9474-1A3956D46DE8}") = "BuildingBlocks", "BuildingBlocks", "{DD7E6C32-9A83-4FC4-957B-2E5A0886C092}"
EndProject
Project("{FAE04EC0-301F-11D3-BF4B-00C04F79EFBC}") = "BuildingBlocks.Domain", "BuildingBlocks\BuildingBlocks.Domain\BuildingBlocks.Domain.csproj", "{0D3ADF8B-C39D-46FD-8766-5F1AA8454F30}"
EndProject
Project("{FAE04EC0-301F-11D3-BF4B-00C04F79EFBC}") = "Modules.Treasury.Application", "Modules\Treasury\Modules.Treasury.Application\Modules.Treasury.Application.csproj", "{FE94029F-B4F8-4D67-A556-8C3621A18C1D}"
EndProject
Project("{FAE04EC0-301F-11D3-BF4B-00C04F79EFBC}") = "Modules.Treasury.Persistence", "Modules\Treasury\Modules.Treasury.Persistance\Modules.Treasury.Persistence.csproj", "{926EBDAF-5556-40E2-8ADE-7CA08DE4C8BD}"
EndProject
Project("{FAE04EC0-301F-11D3-BF4B-00C04F79EFBC}") = "Modules.Treasury.Api", "Modules\Treasury\Modules.Treasury.Api\Modules.Treasury.Api.csproj", "{0A5B4E15-C921-4C2B-95C1-87189423C075}"
EndProject
Project("{FAE04EC0-301F-11D3-BF4B-00C04F79EFBC}") = "BuildingBlocks.Persistence", "BuildingBlocks\BuildingBlocks.Persistence\BuildingBlocks.Persistence.csproj", "{3CC93B7D-67FB-4C86-B3B7-FC6AD42F319B}"
EndProject
Project("{FAE04EC0-301F-11D3-BF4B-00C04F79EFBC}") = "Framework.Storage", "Framework\Framework.Storage\Framework.Storage.csproj", "{3E828336-B080-4353-90F5-4C11562DD8C2}"
EndProject
Project("{FAE04EC0-301F-11D3-BF4B-00C04F79EFBC}") = "Framework.Picture", "Framework\Framework.Image\Framework.Picture.csproj", "{55B099EE-7E27-4022-B6B5-2E4726A99AF4}"
EndProject
Project("{FAE04EC0-301F-11D3-BF4B-00C04F79EFBC}") = "Framework.Observability", "Framework\Framework.Observability\Framework.Observability.csproj", "{A6C4111D-0848-44BE-A593-D6AE8B522A1E}"
EndProject
Global
	GlobalSection(SolutionConfigurationPlatforms) = preSolution
		Debug|Any CPU = Debug|Any CPU
		Release|Any CPU = Release|Any CPU
	EndGlobalSection
	GlobalSection(ProjectConfigurationPlatforms) = postSolution
		{02C4240C-7091-4E20-9322-72658A531A9C}.Debug|Any CPU.ActiveCfg = Debug|Any CPU
		{02C4240C-7091-4E20-9322-72658A531A9C}.Debug|Any CPU.Build.0 = Debug|Any CPU
		{02C4240C-7091-4E20-9322-72658A531A9C}.Release|Any CPU.ActiveCfg = Release|Any CPU
		{02C4240C-7091-4E20-9322-72658A531A9C}.Release|Any CPU.Build.0 = Release|Any CPU
		{56ABCC66-FD27-4F10-890A-68656A9EAF3B}.Debug|Any CPU.ActiveCfg = Debug|Any CPU
		{56ABCC66-FD27-4F10-890A-68656A9EAF3B}.Debug|Any CPU.Build.0 = Debug|Any CPU
		{56ABCC66-FD27-4F10-890A-68656A9EAF3B}.Release|Any CPU.ActiveCfg = Release|Any CPU
		{56ABCC66-FD27-4F10-890A-68656A9EAF3B}.Release|Any CPU.Build.0 = Release|Any CPU
		{73E9E2B9-3410-4E56-8D16-D63C9502AF52}.Debug|Any CPU.ActiveCfg = Debug|Any CPU
		{73E9E2B9-3410-4E56-8D16-D63C9502AF52}.Debug|Any CPU.Build.0 = Debug|Any CPU
		{73E9E2B9-3410-4E56-8D16-D63C9502AF52}.Release|Any CPU.ActiveCfg = Release|Any CPU
		{73E9E2B9-3410-4E56-8D16-D63C9502AF52}.Release|Any CPU.Build.0 = Release|Any CPU
		{5CC1A199-0622-405E-B766-47F8016398A6}.Debug|Any CPU.ActiveCfg = Debug|Any CPU
		{5CC1A199-0622-405E-B766-47F8016398A6}.Debug|Any CPU.Build.0 = Debug|Any CPU
		{5CC1A199-0622-405E-B766-47F8016398A6}.Release|Any CPU.ActiveCfg = Release|Any CPU
		{5CC1A199-0622-405E-B766-47F8016398A6}.Release|Any CPU.Build.0 = Release|Any CPU
		{A110D57E-7A39-48BB-BEEA-671407CD0008}.Debug|Any CPU.ActiveCfg = Debug|Any CPU
		{A110D57E-7A39-48BB-BEEA-671407CD0008}.Debug|Any CPU.Build.0 = Debug|Any CPU
		{A110D57E-7A39-48BB-BEEA-671407CD0008}.Release|Any CPU.ActiveCfg = Release|Any CPU
		{A110D57E-7A39-48BB-BEEA-671407CD0008}.Release|Any CPU.Build.0 = Release|Any CPU
		{12B3F6F1-B398-44F5-A022-B3C5D6C23B49}.Debug|Any CPU.ActiveCfg = Debug|Any CPU
		{12B3F6F1-B398-44F5-A022-B3C5D6C23B49}.Debug|Any CPU.Build.0 = Debug|Any CPU
		{12B3F6F1-B398-44F5-A022-B3C5D6C23B49}.Release|Any CPU.ActiveCfg = Release|Any CPU
		{12B3F6F1-B398-44F5-A022-B3C5D6C23B49}.Release|Any CPU.Build.0 = Release|Any CPU
		{142650EC-F2F4-4160-A478-8BA9FADB37BF}.Debug|Any CPU.ActiveCfg = Debug|Any CPU
		{142650EC-F2F4-4160-A478-8BA9FADB37BF}.Debug|Any CPU.Build.0 = Debug|Any CPU
		{142650EC-F2F4-4160-A478-8BA9FADB37BF}.Release|Any CPU.ActiveCfg = Release|Any CPU
		{142650EC-F2F4-4160-A478-8BA9FADB37BF}.Release|Any CPU.Build.0 = Release|Any CPU
		{32AD16B4-01EF-480A-895D-CBDD9CE7D88E}.Debug|Any CPU.ActiveCfg = Debug|Any CPU
		{32AD16B4-01EF-480A-895D-CBDD9CE7D88E}.Debug|Any CPU.Build.0 = Debug|Any CPU
		{32AD16B4-01EF-480A-895D-CBDD9CE7D88E}.Release|Any CPU.ActiveCfg = Release|Any CPU
		{32AD16B4-01EF-480A-895D-CBDD9CE7D88E}.Release|Any CPU.Build.0 = Release|Any CPU
		{1B5DF63A-9670-42CE-9200-38B87BBCC875}.Debug|Any CPU.ActiveCfg = Debug|Any CPU
		{1B5DF63A-9670-42CE-9200-38B87BBCC875}.Debug|Any CPU.Build.0 = Debug|Any CPU
		{1B5DF63A-9670-42CE-9200-38B87BBCC875}.Release|Any CPU.ActiveCfg = Release|Any CPU
		{1B5DF63A-9670-42CE-9200-38B87BBCC875}.Release|Any CPU.Build.0 = Release|Any CPU
		{06706563-711C-4A51-8D7F-CEDB42160081}.Debug|Any CPU.ActiveCfg = Debug|Any CPU
		{06706563-711C-4A51-8D7F-CEDB42160081}.Debug|Any CPU.Build.0 = Debug|Any CPU
		{06706563-711C-4A51-8D7F-CEDB42160081}.Release|Any CPU.ActiveCfg = Release|Any CPU
		{06706563-711C-4A51-8D7F-CEDB42160081}.Release|Any CPU.Build.0 = Release|Any CPU
		{0D3ADF8B-C39D-46FD-8766-5F1AA8454F30}.Debug|Any CPU.ActiveCfg = Debug|Any CPU
		{0D3ADF8B-C39D-46FD-8766-5F1AA8454F30}.Debug|Any CPU.Build.0 = Debug|Any CPU
		{0D3ADF8B-C39D-46FD-8766-5F1AA8454F30}.Release|Any CPU.ActiveCfg = Release|Any CPU
		{0D3ADF8B-C39D-46FD-8766-5F1AA8454F30}.Release|Any CPU.Build.0 = Release|Any CPU
		{FE94029F-B4F8-4D67-A556-8C3621A18C1D}.Debug|Any CPU.ActiveCfg = Debug|Any CPU
		{FE94029F-B4F8-4D67-A556-8C3621A18C1D}.Debug|Any CPU.Build.0 = Debug|Any CPU
		{FE94029F-B4F8-4D67-A556-8C3621A18C1D}.Release|Any CPU.ActiveCfg = Release|Any CPU
		{FE94029F-B4F8-4D67-A556-8C3621A18C1D}.Release|Any CPU.Build.0 = Release|Any CPU
		{926EBDAF-5556-40E2-8ADE-7CA08DE4C8BD}.Debug|Any CPU.ActiveCfg = Debug|Any CPU
		{926EBDAF-5556-40E2-8ADE-7CA08DE4C8BD}.Debug|Any CPU.Build.0 = Debug|Any CPU
		{926EBDAF-5556-40E2-8ADE-7CA08DE4C8BD}.Release|Any CPU.ActiveCfg = Release|Any CPU
		{926EBDAF-5556-40E2-8ADE-7CA08DE4C8BD}.Release|Any CPU.Build.0 = Release|Any CPU
		{0A5B4E15-C921-4C2B-95C1-87189423C075}.Debug|Any CPU.ActiveCfg = Debug|Any CPU
		{0A5B4E15-C921-4C2B-95C1-87189423C075}.Debug|Any CPU.Build.0 = Debug|Any CPU
		{0A5B4E15-C921-4C2B-95C1-87189423C075}.Release|Any CPU.ActiveCfg = Release|Any CPU
		{0A5B4E15-C921-4C2B-95C1-87189423C075}.Release|Any CPU.Build.0 = Release|Any CPU
		{3CC93B7D-67FB-4C86-B3B7-FC6AD42F319B}.Debug|Any CPU.ActiveCfg = Debug|Any CPU
		{3CC93B7D-67FB-4C86-B3B7-FC6AD42F319B}.Debug|Any CPU.Build.0 = Debug|Any CPU
		{3CC93B7D-67FB-4C86-B3B7-FC6AD42F319B}.Release|Any CPU.ActiveCfg = Release|Any CPU
		{3CC93B7D-67FB-4C86-B3B7-FC6AD42F319B}.Release|Any CPU.Build.0 = Release|Any CPU
		{3E828336-B080-4353-90F5-4C11562DD8C2}.Debug|Any CPU.ActiveCfg = Debug|Any CPU
		{3E828336-B080-4353-90F5-4C11562DD8C2}.Debug|Any CPU.Build.0 = Debug|Any CPU
		{3E828336-B080-4353-90F5-4C11562DD8C2}.Release|Any CPU.ActiveCfg = Release|Any CPU
		{3E828336-B080-4353-90F5-4C11562DD8C2}.Release|Any CPU.Build.0 = Release|Any CPU
		{55B099EE-7E27-4022-B6B5-2E4726A99AF4}.Debug|Any CPU.ActiveCfg = Debug|Any CPU
		{55B099EE-7E27-4022-B6B5-2E4726A99AF4}.Debug|Any CPU.Build.0 = Debug|Any CPU
		{55B099EE-7E27-4022-B6B5-2E4726A99AF4}.Release|Any CPU.ActiveCfg = Release|Any CPU
		{55B099EE-7E27-4022-B6B5-2E4726A99AF4}.Release|Any CPU.Build.0 = Release|Any CPU
		{A6C4111D-0848-44BE-A593-D6AE8B522A1E}.Debug|Any CPU.ActiveCfg = Debug|Any CPU
		{A6C4111D-0848-44BE-A593-D6AE8B522A1E}.Debug|Any CPU.Build.0 = Debug|Any CPU
		{A6C4111D-0848-44BE-A593-D6AE8B522A1E}.Release|Any CPU.ActiveCfg = Release|Any CPU
		{A6C4111D-0848-44BE-A593-D6AE8B522A1E}.Release|Any CPU.Build.0 = Release|Any CPU
	EndGlobalSection
	GlobalSection(SolutionProperties) = preSolution
		HideSolutionNode = FALSE
	EndGlobalSection
	GlobalSection(NestedProjects) = preSolution
		{02C4240C-7091-4E20-9322-72658A531A9C} = {AEB5DE63-6C0F-4BD1-A716-23474F6E5514}
		{56ABCC66-FD27-4F10-890A-68656A9EAF3B} = {AEB5DE63-6C0F-4BD1-A716-23474F6E5514}
		{73E9E2B9-3410-4E56-8D16-D63C9502AF52} = {9DA339A1-83E7-4D52-9801-12AA620DE7A7}
		{5CC1A199-0622-405E-B766-47F8016398A6} = {AEB5DE63-6C0F-4BD1-A716-23474F6E5514}
		{A110D57E-7A39-48BB-BEEA-671407CD0008} = {224DA173-E6CD-4EFB-93E0-EBF545544907}
		{12B3F6F1-B398-44F5-A022-B3C5D6C23B49} = {AEB5DE63-6C0F-4BD1-A716-23474F6E5514}
		{142650EC-F2F4-4160-A478-8BA9FADB37BF} = {13F33FF1-A8F0-4E2B-A374-224FBEB16F7F}
		{32AD16B4-01EF-480A-895D-CBDD9CE7D88E} = {7D7C49B5-0ABE-4DCB-898D-356C3007F074}
		{1B5DF63A-9670-42CE-9200-38B87BBCC875} = {9DA339A1-83E7-4D52-9801-12AA620DE7A7}
		{2C05763A-B879-4329-9198-8A0590F4B5CE} = {02EA681E-C7D8-13C7-8484-4AC65E1B71E8}
		{06706563-711C-4A51-8D7F-CEDB42160081} = {2C05763A-B879-4329-9198-8A0590F4B5CE}
		{0D3ADF8B-C39D-46FD-8766-5F1AA8454F30} = {DD7E6C32-9A83-4FC4-957B-2E5A0886C092}
		{FE94029F-B4F8-4D67-A556-8C3621A18C1D} = {2C05763A-B879-4329-9198-8A0590F4B5CE}
		{926EBDAF-5556-40E2-8ADE-7CA08DE4C8BD} = {2C05763A-B879-4329-9198-8A0590F4B5CE}
		{0A5B4E15-C921-4C2B-95C1-87189423C075} = {2C05763A-B879-4329-9198-8A0590F4B5CE}
		{3CC93B7D-67FB-4C86-B3B7-FC6AD42F319B} = {DD7E6C32-9A83-4FC4-957B-2E5A0886C092}
		{3E828336-B080-4353-90F5-4C11562DD8C2} = {13F33FF1-A8F0-4E2B-A374-224FBEB16F7F}
		{55B099EE-7E27-4022-B6B5-2E4726A99AF4} = {13F33FF1-A8F0-4E2B-A374-224FBEB16F7F}
		{A6C4111D-0848-44BE-A593-D6AE8B522A1E} = {13F33FF1-A8F0-4E2B-A374-224FBEB16F7F}
	EndGlobalSection
	GlobalSection(ExtensibilityGlobals) = postSolution
		SolutionGuid = {5EA33793-7EFA-42CE-9534-6C1328556A2F}
	EndGlobalSection
EndGlobal
